﻿
Microsoft Visual Studio Solution File, Format Version 12.00
Project("{FAE04EC0-301F-11D3-BF4B-00C04F79EFBC}") = "TeamCityBuildProsector", "TeamCityBuildProsector\src\TeamCityBuildProsector.csproj", "{262D3534-8DA6-481E-BB6A-04C6CC4B300E}"
EndProject
Project("{FAE04EC0-301F-11D3-BF4B-00C04F79EFBC}") = "TeamCityBuildProsector.Tests", "TeamCityBuildProsector\tests\TeamCityBuildProsector.Tests.csproj", "{5B1498CD-D897-482C-B94E-02CDC69A5BF3}"
EndProject
Global
	GlobalSection(SolutionConfigurationPlatforms) = preSolution
		Debug|Any CPU = Debug|Any CPU
		Debug|x64 = Debug|x64
		Debug|x86 = Debug|x86
		Release|Any CPU = Release|Any CPU
		Release|x64 = Release|x64
		Release|x86 = Release|x86
	EndGlobalSection
	GlobalSection(ProjectConfigurationPlatforms) = postSolution
		{262D3534-8DA6-481E-BB6A-04C6CC4B300E}.Debug|Any CPU.ActiveCfg = Debug|Any CPU
		{262D3534-8DA6-481E-BB6A-04C6CC4B300E}.Debug|Any CPU.Build.0 = Debug|Any CPU
		{262D3534-8DA6-481E-BB6A-04C6CC4B300E}.Debug|x64.ActiveCfg = Debug|Any CPU
		{262D3534-8DA6-481E-BB6A-04C6CC4B300E}.Debug|x64.Build.0 = Debug|Any CPU
		{262D3534-8DA6-481E-BB6A-04C6CC4B300E}.Debug|x86.ActiveCfg = Debug|Any CPU
		{262D3534-8DA6-481E-BB6A-04C6CC4B300E}.Debug|x86.Build.0 = Debug|Any CPU
		{262D3534-8DA6-481E-BB6A-04C6CC4B300E}.Release|Any CPU.ActiveCfg = Release|Any CPU
		{262D3534-8DA6-481E-BB6A-04C6CC4B300E}.Release|Any CPU.Build.0 = Release|Any CPU
		{262D3534-8DA6-481E-BB6A-04C6CC4B300E}.Release|x64.ActiveCfg = Release|Any CPU
		{262D3534-8DA6-481E-BB6A-04C6CC4B300E}.Release|x64.Build.0 = Release|Any CPU
		{262D3534-8DA6-481E-BB6A-04C6CC4B300E}.Release|x86.ActiveCfg = Release|Any CPU
		{262D3534-8DA6-481E-BB6A-04C6CC4B300E}.Release|x86.Build.0 = Release|Any CPU
		{5B1498CD-D897-482C-B94E-02CDC69A5BF3}.Debug|Any CPU.ActiveCfg = Debug|Any CPU
		{5B1498CD-D897-482C-B94E-02CDC69A5BF3}.Debug|Any CPU.Build.0 = Debug|Any CPU
		{5B1498CD-D897-482C-B94E-02CDC69A5BF3}.Debug|x64.ActiveCfg = Debug|Any CPU
		{5B1498CD-D897-482C-B94E-02CDC69A5BF3}.Debug|x64.Build.0 = Debug|Any CPU
		{5B1498CD-D897-482C-B94E-02CDC69A5BF3}.Debug|x86.ActiveCfg = Debug|Any CPU
		{5B1498CD-D897-482C-B94E-02CDC69A5BF3}.Debug|x86.Build.0 = Debug|Any CPU
		{5B1498CD-D897-482C-B94E-02CDC69A5BF3}.Release|Any CPU.ActiveCfg = Release|Any CPU
		{5B1498CD-D897-482C-B94E-02CDC69A5BF3}.Release|Any CPU.Build.0 = Release|Any CPU
		{5B1498CD-D897-482C-B94E-02CDC69A5BF3}.Release|x64.ActiveCfg = Release|Any CPU
		{5B1498CD-D897-482C-B94E-02CDC69A5BF3}.Release|x64.Build.0 = Release|Any CPU
		{5B1498CD-D897-482C-B94E-02CDC69A5BF3}.Release|x86.ActiveCfg = Release|Any CPU
		{5B1498CD-D897-482C-B94E-02CDC69A5BF3}.Release|x86.Build.0 = Release|Any CPU
	EndGlobalSection
	GlobalSection(SolutionProperties) = preSolution
		HideSolutionNode = FALSE
	EndGlobalSection
EndGlobal
